
Microsoft Visual Studio Solution File, Format Version 12.00
# Visual Studio Version 17
VisualStudioVersion = 17.0.31903.59
MinimumVisualStudioVersion = 10.0.40219.1
Project("{2150E333-8FDC-42A3-9474-1A3956D46DE8}") = "src", "src", "{827E0CD3-B72D-47B6-A68D-7590B98EB39B}"
EndProject
Project("{FAE04EC0-301F-11D3-BF4B-00C04F79EFBC}") = "HuimanNet.Domain", "src\HuimanNet.Domain\HuimanNet.Domain.csproj", "{37022876-F99F-40F0-8EE7-EB2DF350A2EE}"
EndProject
Project("{FAE04EC0-301F-11D3-BF4B-00C04F79EFBC}") = "HuimanNet.Contracts", "src\HuimanNet.Contracts\HuimanNet.Contracts.csproj", "{607B2819-F6D3-496C-A3A6-499AC805F51D}"
EndProject
Project("{FAE04EC0-301F-11D3-BF4B-00C04F79EFBC}") = "HuimanNet.Application", "src\HuimanNet.Application\HuimanNet.Application.csproj", "{0BCC926A-353F-482D-BBB0-ECAB4979617A}"
EndProject
Project("{FAE04EC0-301F-11D3-BF4B-00C04F79EFBC}") = "HuimanNet.Infrastructure", "src\HuimanNet.Infrastructure\HuimanNet.Infrastructure.csproj", "{8A6D9760-4122-4723-B078-47B369E5696B}"
EndProject
Project("{FAE04EC0-301F-11D3-BF4B-00C04F79EFBC}") = "HuimanNet.Api", "src\HuimanNet.Api\HuimanNet.Api.csproj", "{B2DEB36F-4B91-402E-AE8E-B9833BDB5E0B}"
EndProject
Project("{FAE04EC0-301F-11D3-BF4B-00C04F79EFBC}") = "HuimanNet.Web", "src\HuimanNet.Web\HuimanNet.Web.csproj", "{57839C3E-D2A7-494B-9396-299241D2DC2B}"
EndProject
Project("{FAE04EC0-301F-11D3-BF4B-00C04F79EFBC}") = "HuimanNet.App", "src\HuimanNet.App\HuimanNet.App.csproj", "{6A75B4EF-84E2-4792-9D7B-79279A94CEAA}"
EndProject
Project("{2150E333-8FDC-42A3-9474-1A3956D46DE8}") = "tests", "tests", "{0AB3BF05-4346-4AA6-1389-037BE0695223}"
EndProject
Project("{FAE04EC0-301F-11D3-BF4B-00C04F79EFBC}") = "HuimanNet.Domain.Tests", "tests\HuimanNet.Domain.Tests\HuimanNet.Domain.Tests.csproj", "{B67A4BB2-A506-4388-8E86-07D887A5D9A1}"
EndProject
Project("{FAE04EC0-301F-11D3-BF4B-00C04F79EFBC}") = "HuimanNet.Application.Tests", "tests\HuimanNet.Application.Tests\HuimanNet.Application.Tests.csproj", "{F75570C5-8DC9-4334-8703-41883DA5FBEC}"
EndProject
Project("{FAE04EC0-301F-11D3-BF4B-00C04F79EFBC}") = "HuimanNet.Api.Tests", "tests\HuimanNet.Api.Tests\HuimanNet.Api.Tests.csproj", "{06DFDD86-14BE-449A-85D9-28E210008F05}"
EndProject
Project("{2150E333-8FDC-42A3-9474-1A3956D46DE8}") = "solucion", "solucion", "{4C1B9B4E-7B3E-4C58-9E0C-9A3D2F7B51A0}"
	ProjectSection(SolutionItems) = preProject
		.editorconfig = .editorconfig
		.gitignore = .gitignore
		ARQUITECTURA.md = ARQUITECTURA.md
		Directory.Build.props = Directory.Build.props
		Directory.Packages.props = Directory.Packages.props
		ESPECIFICACION.md = ESPECIFICACION.md
		global.json = global.json
		README.md = README.md
	EndProjectSection
EndProject
Project("{FAE04EC0-301F-11D3-BF4B-00C04F79EFBC}") = "HuimanNet.Infrastructure.Tests", "tests\HuimanNet.Infrastructure.Tests\HuimanNet.Infrastructure.Tests.csproj", "{D4C5C3B9-E68F-4274-AECB-D381797B5A5D}"
EndProject
Project("{FAE04EC0-301F-11D3-BF4B-00C04F79EFBC}") = "HuimanNet.Hosting", "src\HuimanNet.Hosting\HuimanNet.Hosting.csproj", "{13DAF04C-1049-46FD-964A-016FB57C8C42}"
EndProject
Global
	GlobalSection(SolutionConfigurationPlatforms) = preSolution
		Debug|Any CPU = Debug|Any CPU
		Debug|x64 = Debug|x64
		Debug|x86 = Debug|x86
		Release|Any CPU = Release|Any CPU
		Release|x64 = Release|x64
		Release|x86 = Release|x86
	EndGlobalSection
	GlobalSection(ProjectConfigurationPlatforms) = postSolution
		{37022876-F99F-40F0-8EE7-EB2DF350A2EE}.Debug|Any CPU.ActiveCfg = Debug|Any CPU
		{37022876-F99F-40F0-8EE7-EB2DF350A2EE}.Debug|Any CPU.Build.0 = Debug|Any CPU
		{37022876-F99F-40F0-8EE7-EB2DF350A2EE}.Debug|x64.ActiveCfg = Debug|Any CPU
		{37022876-F99F-40F0-8EE7-EB2DF350A2EE}.Debug|x64.Build.0 = Debug|Any CPU
		{37022876-F99F-40F0-8EE7-EB2DF350A2EE}.Debug|x86.ActiveCfg = Debug|Any CPU
		{37022876-F99F-40F0-8EE7-EB2DF350A2EE}.Debug|x86.Build.0 = Debug|Any CPU
		{37022876-F99F-40F0-8EE7-EB2DF350A2EE}.Release|Any CPU.ActiveCfg = Release|Any CPU
		{37022876-F99F-40F0-8EE7-EB2DF350A2EE}.Release|Any CPU.Build.0 = Release|Any CPU
		{37022876-F99F-40F0-8EE7-EB2DF350A2EE}.Release|x64.ActiveCfg = Release|Any CPU
		{37022876-F99F-40F0-8EE7-EB2DF350A2EE}.Release|x64.Build.0 = Release|Any CPU
		{37022876-F99F-40F0-8EE7-EB2DF350A2EE}.Release|x86.ActiveCfg = Release|Any CPU
		{37022876-F99F-40F0-8EE7-EB2DF350A2EE}.Release|x86.Build.0 = Release|Any CPU
		{607B2819-F6D3-496C-A3A6-499AC805F51D}.Debug|Any CPU.ActiveCfg = Debug|Any CPU
		{607B2819-F6D3-496C-A3A6-499AC805F51D}.Debug|Any CPU.Build.0 = Debug|Any CPU
		{607B2819-F6D3-496C-A3A6-499AC805F51D}.Debug|x64.ActiveCfg = Debug|Any CPU
		{607B2819-F6D3-496C-A3A6-499AC805F51D}.Debug|x64.Build.0 = Debug|Any CPU
		{607B2819-F6D3-496C-A3A6-499AC805F51D}.Debug|x86.ActiveCfg = Debug|Any CPU
		{607B2819-F6D3-496C-A3A6-499AC805F51D}.Debug|x86.Build.0 = Debug|Any CPU
		{607B2819-F6D3-496C-A3A6-499AC805F51D}.Release|Any CPU.ActiveCfg = Release|Any CPU
		{607B2819-F6D3-496C-A3A6-499AC805F51D}.Release|Any CPU.Build.0 = Release|Any CPU
		{607B2819-F6D3-496C-A3A6-499AC805F51D}.Release|x64.ActiveCfg = Release|Any CPU
		{607B2819-F6D3-496C-A3A6-499AC805F51D}.Release|x64.Build.0 = Release|Any CPU
		{607B2819-F6D3-496C-A3A6-499AC805F51D}.Release|x86.ActiveCfg = Release|Any CPU
		{607B2819-F6D3-496C-A3A6-499AC805F51D}.Release|x86.Build.0 = Release|Any CPU
		{0BCC926A-353F-482D-BBB0-ECAB4979617A}.Debug|Any CPU.ActiveCfg = Debug|Any CPU
		{0BCC926A-353F-482D-BBB0-ECAB4979617A}.Debug|Any CPU.Build.0 = Debug|Any CPU
		{0BCC926A-353F-482D-BBB0-ECAB4979617A}.Debug|x64.ActiveCfg = Debug|Any CPU
		{0BCC926A-353F-482D-BBB0-ECAB4979617A}.Debug|x64.Build.0 = Debug|Any CPU
		{0BCC926A-353F-482D-BBB0-ECAB4979617A}.Debug|x86.ActiveCfg = Debug|Any CPU
		{0BCC926A-353F-482D-BBB0-ECAB4979617A}.Debug|x86.Build.0 = Debug|Any CPU
		{0BCC926A-353F-482D-BBB0-ECAB4979617A}.Release|Any CPU.ActiveCfg = Release|Any CPU
		{0BCC926A-353F-482D-BBB0-ECAB4979617A}.Release|Any CPU.Build.0 = Release|Any CPU
		{0BCC926A-353F-482D-BBB0-ECAB4979617A}.Release|x64.ActiveCfg = Release|Any CPU
		{0BCC926A-353F-482D-BBB0-ECAB4979617A}.Release|x64.Build.0 = Release|Any CPU
		{0BCC926A-353F-482D-BBB0-ECAB4979617A}.Release|x86.ActiveCfg = Release|Any CPU
		{0BCC926A-353F-482D-BBB0-ECAB4979617A}.Release|x86.Build.0 = Release|Any CPU
		{8A6D9760-4122-4723-B078-47B369E5696B}.Debug|Any CPU.ActiveCfg = Debug|Any CPU
		{8A6D9760-4122-4723-B078-47B369E5696B}.Debug|Any CPU.Build.0 = Debug|Any CPU
		{8A6D9760-4122-4723-B078-47B369E5696B}.Debug|x64.ActiveCfg = Debug|Any CPU
		{8A6D9760-4122-4723-B078-47B369E5696B}.Debug|x64.Build.0 = Debug|Any CPU
		{8A6D9760-4122-4723-B078-47B369E5696B}.Debug|x86.ActiveCfg = Debug|Any CPU
		{8A6D9760-4122-4723-B078-47B369E5696B}.Debug|x86.Build.0 = Debug|Any CPU
		{8A6D9760-4122-4723-B078-47B369E5696B}.Release|Any CPU.ActiveCfg = Release|Any CPU
		{8A6D9760-4122-4723-B078-47B369E5696B}.Release|Any CPU.Build.0 = Release|Any CPU
		{8A6D9760-4122-4723-B078-47B369E5696B}.Release|x64.ActiveCfg = Release|Any CPU
		{8A6D9760-4122-4723-B078-47B369E5696B}.Release|x64.Build.0 = Release|Any CPU
		{8A6D9760-4122-4723-B078-47B369E5696B}.Release|x86.ActiveCfg = Release|Any CPU
		{8A6D9760-4122-4723-B078-47B369E5696B}.Release|x86.Build.0 = Release|Any CPU
		{B2DEB36F-4B91-402E-AE8E-B9833BDB5E0B}.Debug|Any CPU.ActiveCfg = Debug|Any CPU
		{B2DEB36F-4B91-402E-AE8E-B9833BDB5E0B}.Debug|Any CPU.Build.0 = Debug|Any CPU
		{B2DEB36F-4B91-402E-AE8E-B9833BDB5E0B}.Debug|x64.ActiveCfg = Debug|Any CPU
		{B2DEB36F-4B91-402E-AE8E-B9833BDB5E0B}.Debug|x64.Build.0 = Debug|Any CPU
		{B2DEB36F-4B91-402E-AE8E-B9833BDB5E0B}.Debug|x86.ActiveCfg = Debug|Any CPU
		{B2DEB36F-4B91-402E-AE8E-B9833BDB5E0B}.Debug|x86.Build.0 = Debug|Any CPU
		{B2DEB36F-4B91-402E-AE8E-B9833BDB5E0B}.Release|Any CPU.ActiveCfg = Release|Any CPU
		{B2DEB36F-4B91-402E-AE8E-B9833BDB5E0B}.Release|Any CPU.Build.0 = Release|Any CPU
		{B2DEB36F-4B91-402E-AE8E-B9833BDB5E0B}.Release|x64.ActiveCfg = Release|Any CPU
		{B2DEB36F-4B91-402E-AE8E-B9833BDB5E0B}.Release|x64.Build.0 = Release|Any CPU
		{B2DEB36F-4B91-402E-AE8E-B9833BDB5E0B}.Release|x86.ActiveCfg = Release|Any CPU
		{B2DEB36F-4B91-402E-AE8E-B9833BDB5E0B}.Release|x86.Build.0 = Release|Any CPU
		{57839C3E-D2A7-494B-9396-299241D2DC2B}.Debug|Any CPU.ActiveCfg = Debug|Any CPU
		{57839C3E-D2A7-494B-9396-299241D2DC2B}.Debug|Any CPU.Build.0 = Debug|Any CPU
		{57839C3E-D2A7-494B-9396-299241D2DC2B}.Debug|x64.ActiveCfg = Debug|Any CPU
		{57839C3E-D2A7-494B-9396-299241D2DC2B}.Debug|x64.Build.0 = Debug|Any CPU
		{57839C3E-D2A7-494B-9396-299241D2DC2B}.Debug|x86.ActiveCfg = Debug|Any CPU
		{57839C3E-D2A7-494B-9396-299241D2DC2B}.Debug|x86.Build.0 = Debug|Any CPU
		{57839C3E-D2A7-494B-9396-299241D2DC2B}.Release|Any CPU.ActiveCfg = Release|Any CPU
		{57839C3E-D2A7-494B-9396-299241D2DC2B}.Release|Any CPU.Build.0 = Release|Any CPU
		{57839C3E-D2A7-494B-9396-299241D2DC2B}.Release|x64.ActiveCfg = Release|Any CPU
		{57839C3E-D2A7-494B-9396-299241D2DC2B}.Release|x64.Build.0 = Release|Any CPU
		{57839C3E-D2A7-494B-9396-299241D2DC2B}.Release|x86.ActiveCfg = Release|Any CPU
		{57839C3E-D2A7-494B-9396-299241D2DC2B}.Release|x86.Build.0 = Release|Any CPU
		{6A75B4EF-84E2-4792-9D7B-79279A94CEAA}.Debug|Any CPU.ActiveCfg = Debug|Any CPU
		{6A75B4EF-84E2-4792-9D7B-79279A94CEAA}.Debug|Any CPU.Build.0 = Debug|Any CPU
		{6A75B4EF-84E2-4792-9D7B-79279A94CEAA}.Debug|Any CPU.Deploy.0 = Debug|Any CPU
		{6A75B4EF-84E2-4792-9D7B-79279A94CEAA}.Debug|x64.ActiveCfg = Debug|Any CPU
		{6A75B4EF-84E2-4792-9D7B-79279A94CEAA}.Debug|x64.Build.0 = Debug|Any CPU
		{6A75B4EF-84E2-4792-9D7B-79279A94CEAA}.Debug|x64.Deploy.0 = Debug|Any CPU
		{6A75B4EF-84E2-4792-9D7B-79279A94CEAA}.Debug|x86.ActiveCfg = Debug|Any CPU
		{6A75B4EF-84E2-4792-9D7B-79279A94CEAA}.Debug|x86.Build.0 = Debug|Any CPU
		{6A75B4EF-84E2-4792-9D7B-79279A94CEAA}.Debug|x86.Deploy.0 = Debug|Any CPU
		{6A75B4EF-84E2-4792-9D7B-79279A94CEAA}.Release|Any CPU.ActiveCfg = Release|Any CPU
		{6A75B4EF-84E2-4792-9D7B-79279A94CEAA}.Release|Any CPU.Build.0 = Release|Any CPU
		{6A75B4EF-84E2-4792-9D7B-79279A94CEAA}.Release|Any CPU.Deploy.0 = Release|Any CPU
		{6A75B4EF-84E2-4792-9D7B-79279A94CEAA}.Release|x64.ActiveCfg = Release|Any CPU
		{6A75B4EF-84E2-4792-9D7B-79279A94CEAA}.Release|x64.Build.0 = Release|Any CPU
		{6A75B4EF-84E2-4792-9D7B-79279A94CEAA}.Release|x64.Deploy.0 = Release|Any CPU
		{6A75B4EF-84E2-4792-9D7B-79279A94CEAA}.Release|x86.ActiveCfg = Release|Any CPU
		{6A75B4EF-84E2-4792-9D7B-79279A94CEAA}.Release|x86.Build.0 = Release|Any CPU
		{6A75B4EF-84E2-4792-9D7B-79279A94CEAA}.Release|x86.Deploy.0 = Release|Any CPU
		{B67A4BB2-A506-4388-8E86-07D887A5D9A1}.Debug|Any CPU.ActiveCfg = Debug|Any CPU
		{B67A4BB2-A506-4388-8E86-07D887A5D9A1}.Debug|Any CPU.Build.0 = Debug|Any CPU
		{B67A4BB2-A506-4388-8E86-07D887A5D9A1}.Debug|x64.ActiveCfg = Debug|Any CPU
		{B67A4BB2-A506-4388-8E86-07D887A5D9A1}.Debug|x64.Build.0 = Debug|Any CPU
		{B67A4BB2-A506-4388-8E86-07D887A5D9A1}.Debug|x86.ActiveCfg = Debug|Any CPU
		{B67A4BB2-A506-4388-8E86-07D887A5D9A1}.Debug|x86.Build.0 = Debug|Any CPU
		{B67A4BB2-A506-4388-8E86-07D887A5D9A1}.Release|Any CPU.ActiveCfg = Release|Any CPU
		{B67A4BB2-A506-4388-8E86-07D887A5D9A1}.Release|Any CPU.Build.0 = Release|Any CPU
		{B67A4BB2-A506-4388-8E86-07D887A5D9A1}.Release|x64.ActiveCfg = Release|Any CPU
		{B67A4BB2-A506-4388-8E86-07D887A5D9A1}.Release|x64.Build.0 = Release|Any CPU
		{B67A4BB2-A506-4388-8E86-07D887A5D9A1}.Release|x86.ActiveCfg = Release|Any CPU
		{B67A4BB2-A506-4388-8E86-07D887A5D9A1}.Release|x86.Build.0 = Release|Any CPU
		{F75570C5-8DC9-4334-8703-41883DA5FBEC}.Debug|Any CPU.ActiveCfg = Debug|Any CPU
		{F75570C5-8DC9-4334-8703-41883DA5FBEC}.Debug|Any CPU.Build.0 = Debug|Any CPU
		{F75570C5-8DC9-4334-8703-41883DA5FBEC}.Debug|x64.ActiveCfg = Debug|Any CPU
		{F75570C5-8DC9-4334-8703-41883DA5FBEC}.Debug|x64.Build.0 = Debug|Any CPU
		{F75570C5-8DC9-4334-8703-41883DA5FBEC}.Debug|x86.ActiveCfg = Debug|Any CPU
		{F75570C5-8DC9-4334-8703-41883DA5FBEC}.Debug|x86.Build.0 = Debug|Any CPU
		{F75570C5-8DC9-4334-8703-41883DA5FBEC}.Release|Any CPU.ActiveCfg = Release|Any CPU
		{F75570C5-8DC9-4334-8703-41883DA5FBEC}.Release|Any CPU.Build.0 = Release|Any CPU
		{F75570C5-8DC9-4334-8703-41883DA5FBEC}.Release|x64.ActiveCfg = Release|Any CPU
		{F75570C5-8DC9-4334-8703-41883DA5FBEC}.Release|x64.Build.0 = Release|Any CPU
		{F75570C5-8DC9-4334-8703-41883DA5FBEC}.Release|x86.ActiveCfg = Release|Any CPU
		{F75570C5-8DC9-4334-8703-41883DA5FBEC}.Release|x86.Build.0 = Release|Any CPU
		{06DFDD86-14BE-449A-85D9-28E210008F05}.Debug|Any CPU.ActiveCfg = Debug|Any CPU
		{06DFDD86-14BE-449A-85D9-28E210008F05}.Debug|Any CPU.Build.0 = Debug|Any CPU
		{06DFDD86-14BE-449A-85D9-28E210008F05}.Debug|x64.ActiveCfg = Debug|Any CPU
		{06DFDD86-14BE-449A-85D9-28E210008F05}.Debug|x64.Build.0 = Debug|Any CPU
		{06DFDD86-14BE-449A-85D9-28E210008F05}.Debug|x86.ActiveCfg = Debug|Any CPU
		{06DFDD86-14BE-449A-85D9-28E210008F05}.Debug|x86.Build.0 = Debug|Any CPU
		{06DFDD86-14BE-449A-85D9-28E210008F05}.Release|Any CPU.ActiveCfg = Release|Any CPU
		{06DFDD86-14BE-449A-85D9-28E210008F05}.Release|Any CPU.Build.0 = Release|Any CPU
		{06DFDD86-14BE-449A-85D9-28E210008F05}.Release|x64.ActiveCfg = Release|Any CPU
		{06DFDD86-14BE-449A-85D9-28E210008F05}.Release|x64.Build.0 = Release|Any CPU
		{06DFDD86-14BE-449A-85D9-28E210008F05}.Release|x86.ActiveCfg = Release|Any CPU
		{06DFDD86-14BE-449A-85D9-28E210008F05}.Release|x86.Build.0 = Release|Any CPU
		{D4C5C3B9-E68F-4274-AECB-D381797B5A5D}.Debug|Any CPU.ActiveCfg = Debug|Any CPU
		{D4C5C3B9-E68F-4274-AECB-D381797B5A5D}.Debug|Any CPU.Build.0 = Debug|Any CPU
		{D4C5C3B9-E68F-4274-AECB-D381797B5A5D}.Debug|x64.ActiveCfg = Debug|Any CPU
		{D4C5C3B9-E68F-4274-AECB-D381797B5A5D}.Debug|x64.Build.0 = Debug|Any CPU
		{D4C5C3B9-E68F-4274-AECB-D381797B5A5D}.Debug|x86.ActiveCfg = Debug|Any CPU
		{D4C5C3B9-E68F-4274-AECB-D381797B5A5D}.Debug|x86.Build.0 = Debug|Any CPU
		{D4C5C3B9-E68F-4274-AECB-D381797B5A5D}.Release|Any CPU.ActiveCfg = Release|Any CPU
		{D4C5C3B9-E68F-4274-AECB-D381797B5A5D}.Release|Any CPU.Build.0 = Release|Any CPU
		{D4C5C3B9-E68F-4274-AECB-D381797B5A5D}.Release|x64.ActiveCfg = Release|Any CPU
		{D4C5C3B9-E68F-4274-AECB-D381797B5A5D}.Release|x64.Build.0 = Release|Any CPU
		{D4C5C3B9-E68F-4274-AECB-D381797B5A5D}.Release|x86.ActiveCfg = Release|Any CPU
		{D4C5C3B9-E68F-4274-AECB-D381797B5A5D}.Release|x86.Build.0 = Release|Any CPU
		{13DAF04C-1049-46FD-964A-016FB57C8C42}.Debug|Any CPU.ActiveCfg = Debug|Any CPU
		{13DAF04C-1049-46FD-964A-016FB57C8C42}.Debug|Any CPU.Build.0 = Debug|Any CPU
		{13DAF04C-1049-46FD-964A-016FB57C8C42}.Debug|x64.ActiveCfg = Debug|Any CPU
		{13DAF04C-1049-46FD-964A-016FB57C8C42}.Debug|x64.Build.0 = Debug|Any CPU
		{13DAF04C-1049-46FD-964A-016FB57C8C42}.Debug|x86.ActiveCfg = Debug|Any CPU
		{13DAF04C-1049-46FD-964A-016FB57C8C42}.Debug|x86.Build.0 = Debug|Any CPU
		{13DAF04C-1049-46FD-964A-016FB57C8C42}.Release|Any CPU.ActiveCfg = Release|Any CPU
		{13DAF04C-1049-46FD-964A-016FB57C8C42}.Release|Any CPU.Build.0 = Release|Any CPU
		{13DAF04C-1049-46FD-964A-016FB57C8C42}.Release|x64.ActiveCfg = Release|Any CPU
		{13DAF04C-1049-46FD-964A-016FB57C8C42}.Release|x64.Build.0 = Release|Any CPU
		{13DAF04C-1049-46FD-964A-016FB57C8C42}.Release|x86.ActiveCfg = Release|Any CPU
		{13DAF04C-1049-46FD-964A-016FB57C8C42}.Release|x86.Build.0 = Release|Any CPU
	EndGlobalSection
	GlobalSection(SolutionProperties) = preSolution
		HideSolutionNode = FALSE
	EndGlobalSection
	GlobalSection(NestedProjects) = preSolution
		{37022876-F99F-40F0-8EE7-EB2DF350A2EE} = {827E0CD3-B72D-47B6-A68D-7590B98EB39B}
		{607B2819-F6D3-496C-A3A6-499AC805F51D} = {827E0CD3-B72D-47B6-A68D-7590B98EB39B}
		{0BCC926A-353F-482D-BBB0-ECAB4979617A} = {827E0CD3-B72D-47B6-A68D-7590B98EB39B}
		{8A6D9760-4122-4723-B078-47B369E5696B} = {827E0CD3-B72D-47B6-A68D-7590B98EB39B}
		{B2DEB36F-4B91-402E-AE8E-B9833BDB5E0B} = {827E0CD3-B72D-47B6-A68D-7590B98EB39B}
		{57839C3E-D2A7-494B-9396-299241D2DC2B} = {827E0CD3-B72D-47B6-A68D-7590B98EB39B}
		{6A75B4EF-84E2-4792-9D7B-79279A94CEAA} = {827E0CD3-B72D-47B6-A68D-7590B98EB39B}
		{B67A4BB2-A506-4388-8E86-07D887A5D9A1} = {0AB3BF05-4346-4AA6-1389-037BE0695223}
		{F75570C5-8DC9-4334-8703-41883DA5FBEC} = {0AB3BF05-4346-4AA6-1389-037BE0695223}
		{06DFDD86-14BE-449A-85D9-28E210008F05} = {0AB3BF05-4346-4AA6-1389-037BE0695223}
		{D4C5C3B9-E68F-4274-AECB-D381797B5A5D} = {0AB3BF05-4346-4AA6-1389-037BE0695223}
		{13DAF04C-1049-46FD-964A-016FB57C8C42} = {827E0CD3-B72D-47B6-A68D-7590B98EB39B}
	EndGlobalSection
EndGlobal
